
Microsoft Visual Studio Solution File, Format Version 12.00
# Visual Studio Version 16
VisualStudioVersion = 16.0.31624.102
MinimumVisualStudioVersion = 10.0.40219.1
Project("{9A19103F-16F7-4668-BE54-9A1E7A4F7556}") = "I01", "I01\I01.csproj", "{4D1C1989-8EFA-482A-904F-EB0CD160B077}"
EndProject
Project("{9A19103F-16F7-4668-BE54-9A1E7A4F7556}") = "Entidades", "Entidades\Entidades.csproj", "{874394C7-E30F-4F01-A53E-84743EA76857}"
EndProject
Project("{9A19103F-16F7-4668-BE54-9A1E7A4F7556}") = "C02", "C02\C02.csproj", "{AF16549C-B802-4233-A891-285B77739E48}"
EndProject
Project("{FAE04EC0-301F-11D3-BF4B-00C04F79EFBC}") = "Billetes", "Billetes\Billetes.csproj", "{BE1CBA6F-8680-41F4-81B7-772FE50EE28C}"
EndProject
Project("{FAE04EC0-301F-11D3-BF4B-00C04F79EFBC}") = "I02", "I02\I02.csproj", "{4C2C7D4B-83DB-4885-98A1-781D986692C9}"
EndProject
Project("{FAE04EC0-301F-11D3-BF4B-00C04F79EFBC}") = "Temperaturas", "Temperaturas\Temperaturas.csproj", "{67C38591-783E-486E-8E72-084CF161CFC8}"
EndProject
Project("{FAE04EC0-301F-11D3-BF4B-00C04F79EFBC}") = "A01", "A01\A01.csproj", "{D1130392-029F-438F-8BAA-72F9A5729D02}"
EndProject
Global
	GlobalSection(SolutionConfigurationPlatforms) = preSolution
		Debug|Any CPU = Debug|Any CPU
		Release|Any CPU = Release|Any CPU
	EndGlobalSection
	GlobalSection(ProjectConfigurationPlatforms) = postSolution
		{4D1C1989-8EFA-482A-904F-EB0CD160B077}.Debug|Any CPU.ActiveCfg = Debug|Any CPU
		{4D1C1989-8EFA-482A-904F-EB0CD160B077}.Debug|Any CPU.Build.0 = Debug|Any CPU
		{4D1C1989-8EFA-482A-904F-EB0CD160B077}.Release|Any CPU.ActiveCfg = Release|Any CPU
		{4D1C1989-8EFA-482A-904F-EB0CD160B077}.Release|Any CPU.Build.0 = Release|Any CPU
		{874394C7-E30F-4F01-A53E-84743EA76857}.Debug|Any CPU.ActiveCfg = Debug|Any CPU
		{874394C7-E30F-4F01-A53E-84743EA76857}.Debug|Any CPU.Build.0 = Debug|Any CPU
		{874394C7-E30F-4F01-A53E-84743EA76857}.Release|Any CPU.ActiveCfg = Release|Any CPU
		{874394C7-E30F-4F01-A53E-84743EA76857}.Release|Any CPU.Build.0 = Release|Any CPU
		{AF16549C-B802-4233-A891-285B77739E48}.Debug|Any CPU.ActiveCfg = Debug|Any CPU
		{AF16549C-B802-4233-A891-285B77739E48}.Debug|Any CPU.Build.0 = Debug|Any CPU
		{AF16549C-B802-4233-A891-285B77739E48}.Release|Any CPU.ActiveCfg = Release|Any CPU
		{AF16549C-B802-4233-A891-285B77739E48}.Release|Any CPU.Build.0 = Release|Any CPU
		{BE1CBA6F-8680-41F4-81B7-772FE50EE28C}.Debug|Any CPU.ActiveCfg = Debug|Any CPU
		{BE1CBA6F-8680-41F4-81B7-772FE50EE28C}.Debug|Any CPU.Build.0 = Debug|Any CPU
		{BE1CBA6F-8680-41F4-81B7-772FE50EE28C}.Release|Any CPU.ActiveCfg = Release|Any CPU
		{BE1CBA6F-8680-41F4-81B7-772FE50EE28C}.Release|Any CPU.Build.0 = Release|Any CPU
		{4C2C7D4B-83DB-4885-98A1-781D986692C9}.Debug|Any CPU.ActiveCfg = Debug|Any CPU
		{4C2C7D4B-83DB-4885-98A1-781D986692C9}.Debug|Any CPU.Build.0 = Debug|Any CPU
		{4C2C7D4B-83DB-4885-98A1-781D986692C9}.Release|Any CPU.ActiveCfg = Release|Any CPU
		{4C2C7D4B-83DB-4885-98A1-781D986692C9}.Release|Any CPU.Build.0 = Release|Any CPU
		{67C38591-783E-486E-8E72-084CF161CFC8}.Debug|Any CPU.ActiveCfg = Debug|Any CPU
		{67C38591-783E-486E-8E72-084CF161CFC8}.Debug|Any CPU.Build.0 = Debug|Any CPU
		{67C38591-783E-486E-8E72-084CF161CFC8}.Release|Any CPU.ActiveCfg = Release|Any CPU
		{67C38591-783E-486E-8E72-084CF161CFC8}.Release|Any CPU.Build.0 = Release|Any CPU
		{D1130392-029F-438F-8BAA-72F9A5729D02}.Debug|Any CPU.ActiveCfg = Debug|Any CPU
		{D1130392-029F-438F-8BAA-72F9A5729D02}.Debug|Any CPU.Build.0 = Debug|Any CPU
		{D1130392-029F-438F-8BAA-72F9A5729D02}.Release|Any CPU.ActiveCfg = Release|Any CPU
		{D1130392-029F-438F-8BAA-72F9A5729D02}.Release|Any CPU.Build.0 = Release|Any CPU
	EndGlobalSection
	GlobalSection(SolutionProperties) = preSolution
		HideSolutionNode = FALSE
	EndGlobalSection
	GlobalSection(ExtensibilityGlobals) = postSolution
		SolutionGuid = {834A28E9-F8F2-41D6-A306-F649248F6BB8}
	EndGlobalSection
EndGlobal
