
Microsoft Visual Studio Solution File, Format Version 12.00
# Visual Studio Version 17
VisualStudioVersion = 17.0.31808.319
MinimumVisualStudioVersion = 10.0.40219.1
Project("{FAE04EC0-301F-11D3-BF4B-00C04F79EFBC}") = "I03", "I03\I03.csproj", "{C46A1D27-526F-4089-8A45-9BEDCB15E55A}"
EndProject
Global
	GlobalSection(SolutionConfigurationPlatforms) = preSolution
		Debug|Any CPU = Debug|Any CPU
		Release|Any CPU = Release|Any CPU
	EndGlobalSection
	GlobalSection(ProjectConfigurationPlatforms) = postSolution
		{C46A1D27-526F-4089-8A45-9BEDCB15E55A}.Debug|Any CPU.ActiveCfg = Debug|Any CPU
		{C46A1D27-526F-4089-8A45-9BEDCB15E55A}.Debug|Any CPU.Build.0 = Debug|Any CPU
		{C46A1D27-526F-4089-8A45-9BEDCB15E55A}.Release|Any CPU.ActiveCfg = Release|Any CPU
		{C46A1D27-526F-4089-8A45-9BEDCB15E55A}.Release|Any CPU.Build.0 = Release|Any CPU
	EndGlobalSection
	GlobalSection(SolutionProperties) = preSolution
		HideSolutionNode = FALSE
	EndGlobalSection
	GlobalSection(ExtensibilityGlobals) = postSolution
		SolutionGuid = {177A71CA-C14A-4240-8C98-CEDDF41C821F}
	EndGlobalSection
EndGlobal
