
Microsoft Visual Studio Solution File, Format Version 12.00
# Visual Studio Version 17
VisualStudioVersion = 17.0.31808.319
MinimumVisualStudioVersion = 10.0.40219.1
Project("{FAE04EC0-301F-11D3-BF4B-00C04F79EFBC}") = "ListaSuper", "ListaSuper\ListaSuper.csproj", "{7BBB3C7E-47E3-4AA2-9EA4-43123C811A90}"
EndProject
Project("{2150E333-8FDC-42A3-9474-1A3956D46DE8}") = "I01", "I01", "{9049C63E-E2A7-4825-9176-FA01BDD9A894}"
EndProject
Project("{2150E333-8FDC-42A3-9474-1A3956D46DE8}") = "I02", "I02", "{48080306-7C46-4082-B1CA-3DB4BF51AD10}"
EndProject
Global
	GlobalSection(SolutionConfigurationPlatforms) = preSolution
		Debug|Any CPU = Debug|Any CPU
		Release|Any CPU = Release|Any CPU
	EndGlobalSection
	GlobalSection(ProjectConfigurationPlatforms) = postSolution
		{7BBB3C7E-47E3-4AA2-9EA4-43123C811A90}.Debug|Any CPU.ActiveCfg = Debug|Any CPU
		{7BBB3C7E-47E3-4AA2-9EA4-43123C811A90}.Debug|Any CPU.Build.0 = Debug|Any CPU
		{7BBB3C7E-47E3-4AA2-9EA4-43123C811A90}.Release|Any CPU.ActiveCfg = Release|Any CPU
		{7BBB3C7E-47E3-4AA2-9EA4-43123C811A90}.Release|Any CPU.Build.0 = Release|Any CPU
	EndGlobalSection
	GlobalSection(SolutionProperties) = preSolution
		HideSolutionNode = FALSE
	EndGlobalSection
	GlobalSection(NestedProjects) = preSolution
		{7BBB3C7E-47E3-4AA2-9EA4-43123C811A90} = {9049C63E-E2A7-4825-9176-FA01BDD9A894}
	EndGlobalSection
	GlobalSection(ExtensibilityGlobals) = postSolution
		SolutionGuid = {6B861F85-0E7C-40D6-82DD-E01154CB36E3}
	EndGlobalSection
EndGlobal
