
Microsoft Visual Studio Solution File, Format Version 12.00
# Visual Studio Version 16
VisualStudioVersion = 16.0.31624.102
MinimumVisualStudioVersion = 10.0.40219.1
Project("{9A19103F-16F7-4668-BE54-9A1E7A4F7556}") = "clase03", "clase03\clase03.csproj", "{F39631DC-37ED-4915-B0CC-E68641F5CF81}"
EndProject
Project("{9A19103F-16F7-4668-BE54-9A1E7A4F7556}") = "I01", "I01\I01.csproj", "{A9C9B332-0E76-4F0B-983B-237A4E6D793B}"
EndProject
Project("{9A19103F-16F7-4668-BE54-9A1E7A4F7556}") = "Entidades", "Entidades\Entidades.csproj", "{E5FBB578-DD86-4B66-9283-7F434395DD6A}"
EndProject
Project("{9A19103F-16F7-4668-BE54-9A1E7A4F7556}") = "I03", "I03\I03.csproj", "{45AA832F-D271-4330-9E8A-61B57263CE20}"
EndProject
Project("{9A19103F-16F7-4668-BE54-9A1E7A4F7556}") = "I04", "I04\I04.csproj", "{44B95479-9B7F-4BBB-88A4-AF7075FA66BF}"
EndProject
Project("{FAE04EC0-301F-11D3-BF4B-00C04F79EFBC}") = "I02", "I02\I02.csproj", "{1DF0F13F-F23B-4C0A-91D9-BEF5339FAD31}"
EndProject
Global
	GlobalSection(SolutionConfigurationPlatforms) = preSolution
		Debug|Any CPU = Debug|Any CPU
		Release|Any CPU = Release|Any CPU
	EndGlobalSection
	GlobalSection(ProjectConfigurationPlatforms) = postSolution
		{F39631DC-37ED-4915-B0CC-E68641F5CF81}.Debug|Any CPU.ActiveCfg = Debug|Any CPU
		{F39631DC-37ED-4915-B0CC-E68641F5CF81}.Debug|Any CPU.Build.0 = Debug|Any CPU
		{F39631DC-37ED-4915-B0CC-E68641F5CF81}.Release|Any CPU.ActiveCfg = Release|Any CPU
		{F39631DC-37ED-4915-B0CC-E68641F5CF81}.Release|Any CPU.Build.0 = Release|Any CPU
		{A9C9B332-0E76-4F0B-983B-237A4E6D793B}.Debug|Any CPU.ActiveCfg = Debug|Any CPU
		{A9C9B332-0E76-4F0B-983B-237A4E6D793B}.Debug|Any CPU.Build.0 = Debug|Any CPU
		{A9C9B332-0E76-4F0B-983B-237A4E6D793B}.Release|Any CPU.ActiveCfg = Release|Any CPU
		{A9C9B332-0E76-4F0B-983B-237A4E6D793B}.Release|Any CPU.Build.0 = Release|Any CPU
		{E5FBB578-DD86-4B66-9283-7F434395DD6A}.Debug|Any CPU.ActiveCfg = Debug|Any CPU
		{E5FBB578-DD86-4B66-9283-7F434395DD6A}.Debug|Any CPU.Build.0 = Debug|Any CPU
		{E5FBB578-DD86-4B66-9283-7F434395DD6A}.Release|Any CPU.ActiveCfg = Release|Any CPU
		{E5FBB578-DD86-4B66-9283-7F434395DD6A}.Release|Any CPU.Build.0 = Release|Any CPU
		{45AA832F-D271-4330-9E8A-61B57263CE20}.Debug|Any CPU.ActiveCfg = Debug|Any CPU
		{45AA832F-D271-4330-9E8A-61B57263CE20}.Debug|Any CPU.Build.0 = Debug|Any CPU
		{45AA832F-D271-4330-9E8A-61B57263CE20}.Release|Any CPU.ActiveCfg = Release|Any CPU
		{45AA832F-D271-4330-9E8A-61B57263CE20}.Release|Any CPU.Build.0 = Release|Any CPU
		{44B95479-9B7F-4BBB-88A4-AF7075FA66BF}.Debug|Any CPU.ActiveCfg = Debug|Any CPU
		{44B95479-9B7F-4BBB-88A4-AF7075FA66BF}.Debug|Any CPU.Build.0 = Debug|Any CPU
		{44B95479-9B7F-4BBB-88A4-AF7075FA66BF}.Release|Any CPU.ActiveCfg = Release|Any CPU
		{44B95479-9B7F-4BBB-88A4-AF7075FA66BF}.Release|Any CPU.Build.0 = Release|Any CPU
		{1DF0F13F-F23B-4C0A-91D9-BEF5339FAD31}.Debug|Any CPU.ActiveCfg = Debug|Any CPU
		{1DF0F13F-F23B-4C0A-91D9-BEF5339FAD31}.Debug|Any CPU.Build.0 = Debug|Any CPU
		{1DF0F13F-F23B-4C0A-91D9-BEF5339FAD31}.Release|Any CPU.ActiveCfg = Release|Any CPU
		{1DF0F13F-F23B-4C0A-91D9-BEF5339FAD31}.Release|Any CPU.Build.0 = Release|Any CPU
	EndGlobalSection
	GlobalSection(SolutionProperties) = preSolution
		HideSolutionNode = FALSE
	EndGlobalSection
	GlobalSection(ExtensibilityGlobals) = postSolution
		SolutionGuid = {A9ED7C8D-6019-4057-A01B-978C3B60ACFE}
	EndGlobalSection
EndGlobal
