
Microsoft Visual Studio Solution File, Format Version 12.00
# Visual Studio Version 17
VisualStudioVersion = 17.0.31912.275
MinimumVisualStudioVersion = 10.0.40219.1
Project("{FAE04EC0-301F-11D3-BF4B-00C04F79EFBC}") = "I02-Simulador de atencion a clientes- HILOS", "I02-Simulador de atencion a clientes- HILOS\I02-Simulador de atencion a clientes- HILOS.csproj", "{8808D7DC-D414-49C2-97E0-28E1B36CC35D}"
EndProject
Project("{FAE04EC0-301F-11D3-BF4B-00C04F79EFBC}") = "I02Console", "I02Console\I02Console.csproj", "{39C829AD-8818-4010-9AB2-E7287D325E1D}"
EndProject
Global
	GlobalSection(SolutionConfigurationPlatforms) = preSolution
		Debug|Any CPU = Debug|Any CPU
		Release|Any CPU = Release|Any CPU
	EndGlobalSection
	GlobalSection(ProjectConfigurationPlatforms) = postSolution
		{8808D7DC-D414-49C2-97E0-28E1B36CC35D}.Debug|Any CPU.ActiveCfg = Debug|Any CPU
		{8808D7DC-D414-49C2-97E0-28E1B36CC35D}.Debug|Any CPU.Build.0 = Debug|Any CPU
		{8808D7DC-D414-49C2-97E0-28E1B36CC35D}.Release|Any CPU.ActiveCfg = Release|Any CPU
		{8808D7DC-D414-49C2-97E0-28E1B36CC35D}.Release|Any CPU.Build.0 = Release|Any CPU
		{39C829AD-8818-4010-9AB2-E7287D325E1D}.Debug|Any CPU.ActiveCfg = Debug|Any CPU
		{39C829AD-8818-4010-9AB2-E7287D325E1D}.Debug|Any CPU.Build.0 = Debug|Any CPU
		{39C829AD-8818-4010-9AB2-E7287D325E1D}.Release|Any CPU.ActiveCfg = Release|Any CPU
		{39C829AD-8818-4010-9AB2-E7287D325E1D}.Release|Any CPU.Build.0 = Release|Any CPU
	EndGlobalSection
	GlobalSection(SolutionProperties) = preSolution
		HideSolutionNode = FALSE
	EndGlobalSection
	GlobalSection(ExtensibilityGlobals) = postSolution
		SolutionGuid = {A41DBBCD-EE57-41D5-96DB-85418A2B6543}
	EndGlobalSection
EndGlobal
